
Microsoft Visual Studio Solution File, Format Version 12.00
# Visual Studio Version 17
VisualStudioVersion = 17.9.34607.119
MinimumVisualStudioVersion = 10.0.40219.1
Project("{FAE04EC0-301F-11D3-BF4B-00C04F79EFBC}") = "AspBlazorStaticApp", "AspBlazorStaticApp\AspBlazorStaticApp.csproj", "{5C34199D-C4C3-4AEA-957B-D7A3BD541CC2}"
EndProject
Global
	GlobalSection(SolutionConfigurationPlatforms) = preSolution
		Debug|Any CPU = Debug|Any CPU
		Release|Any CPU = Release|Any CPU
	EndGlobalSection
	GlobalSection(ProjectConfigurationPlatforms) = postSolution
		{5C34199D-C4C3-4AEA-957B-D7A3BD541CC2}.Debug|Any CPU.ActiveCfg = Debug|Any CPU
		{5C34199D-C4C3-4AEA-957B-D7A3BD541CC2}.Debug|Any CPU.Build.0 = Debug|Any CPU
		{5C34199D-C4C3-4AEA-957B-D7A3BD541CC2}.Release|Any CPU.ActiveCfg = Release|Any CPU
		{5C34199D-C4C3-4AEA-957B-D7A3BD541CC2}.Release|Any CPU.Build.0 = Release|Any CPU
	EndGlobalSection
	GlobalSection(SolutionProperties) = preSolution
		HideSolutionNode = FALSE
	EndGlobalSection
	GlobalSection(ExtensibilityGlobals) = postSolution
		SolutionGuid = {856FFB3C-CCA8-4242-946D-B6D54F88E500}
	EndGlobalSection
EndGlobal
